
Microsoft Visual Studio Solution File, Format Version 12.00
Project("{FAE04EC0-301F-11D3-BF4B-00C04F79EFBC}") = "combined", "combined\combined.csproj", "{22F32BE5-9E6D-4AC0-96C0-A620D74ACA62}"
EndProject
Project("{FAE04EC0-301F-11D3-BF4B-00C04F79EFBC}") = "CombinedTest", "CombinedTest\CombinedTest.csproj", "{B5FA279F-AD4E-4D89-8005-3D8C9F6A336F}"
EndProject
Global
	GlobalSection(SolutionConfigurationPlatforms) = preSolution
		Debug|Any CPU = Debug|Any CPU
		Release|Any CPU = Release|Any CPU
	EndGlobalSection
	GlobalSection(ProjectConfigurationPlatforms) = postSolution
		{22F32BE5-9E6D-4AC0-96C0-A620D74ACA62}.Debug|Any CPU.ActiveCfg = Debug|Any CPU
		{22F32BE5-9E6D-4AC0-96C0-A620D74ACA62}.Debug|Any CPU.Build.0 = Debug|Any CPU
		{22F32BE5-9E6D-4AC0-96C0-A620D74ACA62}.Release|Any CPU.ActiveCfg = Release|Any CPU
		{22F32BE5-9E6D-4AC0-96C0-A620D74ACA62}.Release|Any CPU.Build.0 = Release|Any CPU
		{B5FA279F-AD4E-4D89-8005-3D8C9F6A336F}.Debug|Any CPU.ActiveCfg = Debug|Any CPU
		{B5FA279F-AD4E-4D89-8005-3D8C9F6A336F}.Debug|Any CPU.Build.0 = Debug|Any CPU
		{B5FA279F-AD4E-4D89-8005-3D8C9F6A336F}.Release|Any CPU.ActiveCfg = Release|Any CPU
		{B5FA279F-AD4E-4D89-8005-3D8C9F6A336F}.Release|Any CPU.Build.0 = Release|Any CPU
	EndGlobalSection
EndGlobal
